
Microsoft Visual Studio Solution File, Format Version 12.00
Project("{FAE04EC0-301F-11D3-BF4B-00C04F79EFBC}") = "Lab20.1", "Lab20.1\Lab20.1.csproj", "{AFCD477D-58DB-47F3-A71C-F4786E58FB10}"
EndProject
Global
	GlobalSection(SolutionConfigurationPlatforms) = preSolution
		Debug|Any CPU = Debug|Any CPU
		Release|Any CPU = Release|Any CPU
	EndGlobalSection
	GlobalSection(ProjectConfigurationPlatforms) = postSolution
		{AFCD477D-58DB-47F3-A71C-F4786E58FB10}.Debug|Any CPU.ActiveCfg = Debug|Any CPU
		{AFCD477D-58DB-47F3-A71C-F4786E58FB10}.Debug|Any CPU.Build.0 = Debug|Any CPU
		{AFCD477D-58DB-47F3-A71C-F4786E58FB10}.Release|Any CPU.ActiveCfg = Release|Any CPU
		{AFCD477D-58DB-47F3-A71C-F4786E58FB10}.Release|Any CPU.Build.0 = Release|Any CPU
	EndGlobalSection
EndGlobal
